
Microsoft Visual Studio Solution File, Format Version 12.00
# Visual Studio Version 17
VisualStudioVersion = 17.2.32630.192
MinimumVisualStudioVersion = 10.0.40219.1
Project("{FAE04EC0-301F-11D3-BF4B-00C04F79EFBC}") = "HelloWorld2-GitHub", "HelloWorld2-GitHub\HelloWorld2-GitHub.csproj", "{F16D510D-70A1-4E4B-8925-34307BA5C1DA}"
EndProject
Global
	GlobalSection(SolutionConfigurationPlatforms) = preSolution
		Debug|Any CPU = Debug|Any CPU
		Release|Any CPU = Release|Any CPU
	EndGlobalSection
	GlobalSection(ProjectConfigurationPlatforms) = postSolution
		{F16D510D-70A1-4E4B-8925-34307BA5C1DA}.Debug|Any CPU.ActiveCfg = Debug|Any CPU
		{F16D510D-70A1-4E4B-8925-34307BA5C1DA}.Debug|Any CPU.Build.0 = Debug|Any CPU
		{F16D510D-70A1-4E4B-8925-34307BA5C1DA}.Release|Any CPU.ActiveCfg = Release|Any CPU
		{F16D510D-70A1-4E4B-8925-34307BA5C1DA}.Release|Any CPU.Build.0 = Release|Any CPU
	EndGlobalSection
	GlobalSection(SolutionProperties) = preSolution
		HideSolutionNode = FALSE
	EndGlobalSection
	GlobalSection(ExtensibilityGlobals) = postSolution
		SolutionGuid = {C7104207-0EA9-48C5-96DC-3DA10B95F363}
	EndGlobalSection
EndGlobal
